
Microsoft Visual Studio Solution File, Format Version 12.00
# Visual Studio Version 16
VisualStudioVersion = 16.0.29609.76
MinimumVisualStudioVersion = 10.0.40219.1
Project("{FAE04EC0-301F-11D3-BF4B-00C04F79EFBC}") = "Moodle", "Moodle.csproj", "{20F9D8CE-3847-4DD8-9E5C-39E03B890CDD}"
EndProject
Global
	GlobalSection(SolutionConfigurationPlatforms) = preSolution
		Debug|Any CPU = Debug|Any CPU
		Release|Any CPU = Release|Any CPU
	EndGlobalSection
	GlobalSection(ProjectConfigurationPlatforms) = postSolution
		{20F9D8CE-3847-4DD8-9E5C-39E03B890CDD}.Debug|Any CPU.ActiveCfg = Debug|Any CPU
		{20F9D8CE-3847-4DD8-9E5C-39E03B890CDD}.Debug|Any CPU.Build.0 = Debug|Any CPU
		{20F9D8CE-3847-4DD8-9E5C-39E03B890CDD}.Release|Any CPU.ActiveCfg = Release|Any CPU
		{20F9D8CE-3847-4DD8-9E5C-39E03B890CDD}.Release|Any CPU.Build.0 = Release|Any CPU
	EndGlobalSection
	GlobalSection(SolutionProperties) = preSolution
		HideSolutionNode = FALSE
	EndGlobalSection
	GlobalSection(ExtensibilityGlobals) = postSolution
		SolutionGuid = {E6B95BB8-72B5-4B42-A6CC-7EE3F83C6ACB}
	EndGlobalSection
EndGlobal
